{
  "version": 4,
  "terraform_version": "1.6.2",
  "serial": 325,
  "lineage": "1c5fd697-c70e-60e4-5e78-aa92bfd6000b",
  "outputs": {},
  "resources": [
    {
      "mode": "managed",
      "type": "google_cloud_run_service_iam_member",
      "name": "member",
      "provider": "provider[\"registry.terraform.io/hashicorp/google\"]",
      "instances": [
        {
          "index_key": "login",
          "schema_version": 0,
          "attributes": {
            "condition": [],
            "etag": "BwYQoTb/TNw=",
            "id": "v1/projects/capstone-412502/locations/us-central1/services/login/roles/run.invoker/allUsers",
            "location": "us-central1",
            "member": "allUsers",
            "project": "capstone-412502",
            "role": "roles/run.invoker",
            "service": "v1/projects/capstone-412502/locations/us-central1/services/login"
          },
          "sensitive_attributes": [],
          "private": "bnVsbA==",
          "dependencies": [
            "google_cloudfunctions2_function.function",
            "google_storage_bucket_object.function_zip"
          ]
        }
      ]
    },
    {
      "mode": "managed",
      "type": "google_cloudfunctions2_function",
      "name": "function",
      "provider": "provider[\"registry.terraform.io/hashicorp/google\"]",
      "instances": [
        {
          "index_key": "login",
          "schema_version": 0,
          "attributes": {
            "build_config": [
              {
                "build": "projects/742350885173/locations/us-central1/builds/09bdddf8-ece1-4513-a39e-b3a53554ee88",
                "docker_repository": "projects/capstone-412502/locations/us-central1/repositories/gcf-artifacts",
                "entry_point": "Login",
                "environment_variables": {
                  "JWT_KEY": "my_secret_key"
                },
                "runtime": "go121",
                "source": [
                  {
                    "repo_source": [],
                    "storage_source": [
                      {
                        "bucket": "shreyas-cloud-functions",
                        "generation": 768028445,
                        "object": "login"
                      }
                    ]
                  }
                ],
                "worker_pool": ""
              }
            ],
            "description": "",
            "effective_labels": {},
            "environment": "GEN_2",
            "event_trigger": [],
            "id": "projects/capstone-412502/locations/us-central1/functions/login",
            "kms_key_name": "",
            "labels": {},
            "location": "us-central1",
            "name": "login",
            "project": "capstone-412502",
            "service_config": [
              {
                "all_traffic_on_latest_revision": true,
                "available_cpu": "0.0833",
                "available_memory": "128Mi",
                "environment_variables": {},
                "gcf_uri": "",
                "ingress_settings": "ALLOW_ALL",
                "max_instance_count": 100,
                "max_instance_request_concurrency": 1,
                "min_instance_count": 1,
                "secret_environment_variables": [],
                "secret_volumes": [],
                "service": "projects/capstone-412502/locations/us-central1/services/login",
                "service_account_email": "742350885173-compute@developer.gserviceaccount.com",
                "timeout_seconds": 120,
                "uri": "https://login-aor72taffa-uc.a.run.app",
                "vpc_connector": "",
                "vpc_connector_egress_settings": ""
              }
            ],
            "state": "ACTIVE",
            "terraform_labels": {},
            "timeouts": null,
            "update_time": "2024-02-05T12:00:48.195004820Z",
            "url": "https://us-central1-capstone-412502.cloudfunctions.net/login"
          },
          "sensitive_attributes": [],
          "private": "eyJlMmJmYjczMC1lY2FhLTExZTYtOGY4OC0zNDM2M2JjN2M0YzAiOnsiY3JlYXRlIjozNjAwMDAwMDAwMDAwLCJkZWxldGUiOjM2MDAwMDAwMDAwMDAsInVwZGF0ZSI6MzYwMDAwMDAwMDAwMH19",
          "dependencies": [
            "google_storage_bucket_object.function_zip"
          ]
        }
      ]
    },
    {
      "mode": "managed",
      "type": "google_storage_bucket_object",
      "name": "function_zip",
      "provider": "provider[\"registry.terraform.io/hashicorp/google\"]",
      "instances": [
        {
          "index_key": "createbulkupload",
          "schema_version": 0,
          "attributes": {
            "bucket": "shreyas-cloud-functions",
            "cache_control": "",
            "content": null,
            "content_disposition": "",
            "content_encoding": "",
            "content_language": "",
            "content_type": "application/zip",
            "crc32c": "C0ULsg==",
            "customer_encryption": [],
            "detect_md5hash": "wPwUAxTxxVVZ0t4ocwGXcg==",
            "event_based_hold": false,
            "id": "shreyas-cloud-functions-createbulkupload",
            "kms_key_name": "",
            "md5hash": "wPwUAxTxxVVZ0t4ocwGXcg==",
            "media_link": "https://storage.googleapis.com/download/storage/v1/b/shreyas-cloud-functions/o/createbulkupload?generation=1707135831052065\u0026alt=media",
            "metadata": null,
            "name": "createbulkupload",
            "output_name": "createbulkupload",
            "retention": [],
            "self_link": "https://www.googleapis.com/storage/v1/b/shreyas-cloud-functions/o/createbulkupload",
            "source": "capstone-zips/createBulkUpload.zip",
            "storage_class": "STANDARD",
            "temporary_hold": false,
            "timeouts": null
          },
          "sensitive_attributes": [],
          "private": "eyJlMmJmYjczMC1lY2FhLTExZTYtOGY4OC0zNDM2M2JjN2M0YzAiOnsiY3JlYXRlIjoyNDAwMDAwMDAwMDAsImRlbGV0ZSI6MjQwMDAwMDAwMDAwLCJ1cGRhdGUiOjI0MDAwMDAwMDAwMH19"
        },
        {
          "index_key": "createitem",
          "schema_version": 0,
          "attributes": {
            "bucket": "shreyas-cloud-functions",
            "cache_control": "",
            "content": null,
            "content_disposition": "",
            "content_encoding": "",
            "content_language": "",
            "content_type": "application/zip",
            "crc32c": "+3eAiQ==",
            "customer_encryption": [],
            "detect_md5hash": "tl9HLJcP3XZuDqlVTP7f8g==",
            "event_based_hold": false,
            "id": "shreyas-cloud-functions-createitem",
            "kms_key_name": "",
            "md5hash": "tl9HLJcP3XZuDqlVTP7f8g==",
            "media_link": "https://storage.googleapis.com/download/storage/v1/b/shreyas-cloud-functions/o/createitem?generation=1707135831009640\u0026alt=media",
            "metadata": null,
            "name": "createitem",
            "output_name": "createitem",
            "retention": [],
            "self_link": "https://www.googleapis.com/storage/v1/b/shreyas-cloud-functions/o/createitem",
            "source": "capstone-zips/createItem.zip",
            "storage_class": "STANDARD",
            "temporary_hold": false,
            "timeouts": null
          },
          "sensitive_attributes": [],
          "private": "eyJlMmJmYjczMC1lY2FhLTExZTYtOGY4OC0zNDM2M2JjN2M0YzAiOnsiY3JlYXRlIjoyNDAwMDAwMDAwMDAsImRlbGV0ZSI6MjQwMDAwMDAwMDAwLCJ1cGRhdGUiOjI0MDAwMDAwMDAwMH19"
        },
        {
          "index_key": "deleteitem",
          "schema_version": 0,
          "attributes": {
            "bucket": "shreyas-cloud-functions",
            "cache_control": "",
            "content": null,
            "content_disposition": "",
            "content_encoding": "",
            "content_language": "",
            "content_type": "application/zip",
            "crc32c": "27Rymg==",
            "customer_encryption": [],
            "detect_md5hash": "euvNg7/weMJBd1txvZoO6Q==",
            "event_based_hold": false,
            "id": "shreyas-cloud-functions-deleteitem",
            "kms_key_name": "",
            "md5hash": "euvNg7/weMJBd1txvZoO6Q==",
            "media_link": "https://storage.googleapis.com/download/storage/v1/b/shreyas-cloud-functions/o/deleteitem?generation=1707135831027558\u0026alt=media",
            "metadata": null,
            "name": "deleteitem",
            "output_name": "deleteitem",
            "retention": [],
            "self_link": "https://www.googleapis.com/storage/v1/b/shreyas-cloud-functions/o/deleteitem",
            "source": "capstone-zips/deleteItem.zip",
            "storage_class": "STANDARD",
            "temporary_hold": false,
            "timeouts": null
          },
          "sensitive_attributes": [],
          "private": "eyJlMmJmYjczMC1lY2FhLTExZTYtOGY4OC0zNDM2M2JjN2M0YzAiOnsiY3JlYXRlIjoyNDAwMDAwMDAwMDAsImRlbGV0ZSI6MjQwMDAwMDAwMDAwLCJ1cGRhdGUiOjI0MDAwMDAwMDAwMH19"
        },
        {
          "index_key": "getitembyid",
          "schema_version": 0,
          "attributes": {
            "bucket": "shreyas-cloud-functions",
            "cache_control": "",
            "content": null,
            "content_disposition": "",
            "content_encoding": "",
            "content_language": "",
            "content_type": "application/zip",
            "crc32c": "JswdIw==",
            "customer_encryption": [],
            "detect_md5hash": "D6rMWgc2/bJYjPt/Na1LpQ==",
            "event_based_hold": false,
            "id": "shreyas-cloud-functions-getitembyid",
            "kms_key_name": "",
            "md5hash": "D6rMWgc2/bJYjPt/Na1LpQ==",
            "media_link": "https://storage.googleapis.com/download/storage/v1/b/shreyas-cloud-functions/o/getitembyid?generation=1707135831084507\u0026alt=media",
            "metadata": null,
            "name": "getitembyid",
            "output_name": "getitembyid",
            "retention": [],
            "self_link": "https://www.googleapis.com/storage/v1/b/shreyas-cloud-functions/o/getitembyid",
            "source": "capstone-zips/getItemById.zip",
            "storage_class": "STANDARD",
            "temporary_hold": false,
            "timeouts": null
          },
          "sensitive_attributes": [],
          "private": "eyJlMmJmYjczMC1lY2FhLTExZTYtOGY4OC0zNDM2M2JjN2M0YzAiOnsiY3JlYXRlIjoyNDAwMDAwMDAwMDAsImRlbGV0ZSI6MjQwMDAwMDAwMDAwLCJ1cGRhdGUiOjI0MDAwMDAwMDAwMH19"
        },
        {
          "index_key": "listgrocery",
          "schema_version": 0,
          "attributes": {
            "bucket": "shreyas-cloud-functions",
            "cache_control": "",
            "content": null,
            "content_disposition": "",
            "content_encoding": "",
            "content_language": "",
            "content_type": "application/zip",
            "crc32c": "reQjvw==",
            "customer_encryption": [],
            "detect_md5hash": "UNblZ7/9hKW3rJf487+9cQ==",
            "event_based_hold": false,
            "id": "shreyas-cloud-functions-listgrocery",
            "kms_key_name": "",
            "md5hash": "UNblZ7/9hKW3rJf487+9cQ==",
            "media_link": "https://storage.googleapis.com/download/storage/v1/b/shreyas-cloud-functions/o/listgrocery?generation=1707135830969202\u0026alt=media",
            "metadata": null,
            "name": "listgrocery",
            "output_name": "listgrocery",
            "retention": [],
            "self_link": "https://www.googleapis.com/storage/v1/b/shreyas-cloud-functions/o/listgrocery",
            "source": "capstone-zips/listGrocery.zip",
            "storage_class": "STANDARD",
            "temporary_hold": false,
            "timeouts": null
          },
          "sensitive_attributes": [],
          "private": "eyJlMmJmYjczMC1lY2FhLTExZTYtOGY4OC0zNDM2M2JjN2M0YzAiOnsiY3JlYXRlIjoyNDAwMDAwMDAwMDAsImRlbGV0ZSI6MjQwMDAwMDAwMDAwLCJ1cGRhdGUiOjI0MDAwMDAwMDAwMH19"
        },
        {
          "index_key": "updateitem",
          "schema_version": 0,
          "attributes": {
            "bucket": "shreyas-cloud-functions",
            "cache_control": "",
            "content": null,
            "content_disposition": "",
            "content_encoding": "",
            "content_language": "",
            "content_type": "application/zip",
            "crc32c": "2onDUA==",
            "customer_encryption": [],
            "detect_md5hash": "4M8ulwLw2jTriAK6rKCntw==",
            "event_based_hold": false,
            "id": "shreyas-cloud-functions-updateitem",
            "kms_key_name": "",
            "md5hash": "4M8ulwLw2jTriAK6rKCntw==",
            "media_link": "https://storage.googleapis.com/download/storage/v1/b/shreyas-cloud-functions/o/updateitem?generation=1707135831051067\u0026alt=media",
            "metadata": null,
            "name": "updateitem",
            "output_name": "updateitem",
            "retention": [],
            "self_link": "https://www.googleapis.com/storage/v1/b/shreyas-cloud-functions/o/updateitem",
            "source": "capstone-zips/updateItem.zip",
            "storage_class": "STANDARD",
            "temporary_hold": false,
            "timeouts": null
          },
          "sensitive_attributes": [],
          "private": "eyJlMmJmYjczMC1lY2FhLTExZTYtOGY4OC0zNDM2M2JjN2M0YzAiOnsiY3JlYXRlIjoyNDAwMDAwMDAwMDAsImRlbGV0ZSI6MjQwMDAwMDAwMDAwLCJ1cGRhdGUiOjI0MDAwMDAwMDAwMH19"
        }
      ]
    }
  ],
  "check_results": null
}
